
Microsoft Visual Studio Solution File, Format Version 12.00
# Visual Studio Version 16
VisualStudioVersion = 16.0.30104.148
MinimumVisualStudioVersion = 10.0.40219.1
Project("{8BC9CEB8-8B4A-11D0-8D11-00A0C91BC942}") = "LibraryProject", "LibraryProject.vcxproj", "{46DBDA88-B4F6-406E-82BC-ADC9E3E7FFD9}"
EndProject
Global
	GlobalSection(SolutionConfigurationPlatforms) = preSolution
		Debug|x64 = Debug|x64
		Debug|x86 = Debug|x86
		Release|x64 = Release|x64
		Release|x86 = Release|x86
	EndGlobalSection
	GlobalSection(ProjectConfigurationPlatforms) = postSolution
		{46DBDA88-B4F6-406E-82BC-ADC9E3E7FFD9}.Debug|x64.ActiveCfg = Debug|x64
		{46DBDA88-B4F6-406E-82BC-ADC9E3E7FFD9}.Debug|x64.Build.0 = Debug|x64
		{46DBDA88-B4F6-406E-82BC-ADC9E3E7FFD9}.Debug|x86.ActiveCfg = Debug|Win32
		{46DBDA88-B4F6-406E-82BC-ADC9E3E7FFD9}.Debug|x86.Build.0 = Debug|Win32
		{46DBDA88-B4F6-406E-82BC-ADC9E3E7FFD9}.Release|x64.ActiveCfg = Release|x64
		{46DBDA88-B4F6-406E-82BC-ADC9E3E7FFD9}.Release|x64.Build.0 = Release|x64
		{46DBDA88-B4F6-406E-82BC-ADC9E3E7FFD9}.Release|x86.ActiveCfg = Release|Win32
		{46DBDA88-B4F6-406E-82BC-ADC9E3E7FFD9}.Release|x86.Build.0 = Release|Win32
	EndGlobalSection
	GlobalSection(SolutionProperties) = preSolution
		HideSolutionNode = FALSE
	EndGlobalSection
	GlobalSection(ExtensibilityGlobals) = postSolution
		SolutionGuid = {6BD4D896-0676-479E-A455-25F2FF1F3A48}
	EndGlobalSection
EndGlobal
